// !$*UTF8*$!
{
	archiveVersion = 1;
	classes = {
	};
	objectVersion = 46;
	objects = {

/* Begin PBXBuildFile section */
		1F1740591B41308400D1CA33 /* Order.swift in Sources */ = {isa = PBXBuildFile; fileRef = 1F1740581B41308400D1CA33 /* Order.swift */; };
		1F17F2881B36AA7200DBFEBC /* CheckoutViewController.swift in Sources */ = {isa = PBXBuildFile; fileRef = 1F17F2871B36AA7200DBFEBC /* CheckoutViewController.swift */; };
		1F17F28A1B36B11D00DBFEBC /* CheckoutTableHeaderView.swift in Sources */ = {isa = PBXBuildFile; fileRef = 1F17F2891B36B11D00DBFEBC /* CheckoutTableHeaderView.swift */; };
		1F17F28C1B36BC2000DBFEBC /* CheckoutTableHeaderView.xib in Resources */ = {isa = PBXBuildFile; fileRef = 1F17F28B1B36BC2000DBFEBC /* CheckoutTableHeaderView.xib */; };
		1F17F2901B36BE8A00DBFEBC /* CheckoutInfoTableViewCell.swift in Sources */ = {isa = PBXBuildFile; fileRef = 1F17F28E1B36BE8A00DBFEBC /* CheckoutInfoTableViewCell.swift */; };
		1F17F2911B36BE8A00DBFEBC /* CheckoutInfoTableViewCell.xib in Resources */ = {isa = PBXBuildFile; fileRef = 1F17F28F1B36BE8A00DBFEBC /* CheckoutInfoTableViewCell.xib */; };
		1F17F2951B370AB700DBFEBC /* StatesPickerTableViewCell.swift in Sources */ = {isa = PBXBuildFile; fileRef = 1F17F2931B370AB700DBFEBC /* StatesPickerTableViewCell.swift */; };
		1F17F2961B370AB700DBFEBC /* StatesPickerTableViewCell.xib in Resources */ = {isa = PBXBuildFile; fileRef = 1F17F2941B370AB700DBFEBC /* StatesPickerTableViewCell.xib */; };
		1F1F77581B3C448700DBD227 /* FinalTableViewController.swift in Sources */ = {isa = PBXBuildFile; fileRef = 1F1F77571B3C448700DBD227 /* FinalTableViewController.swift */; };
		1F232D2F1B196CB200ECD753 /* SJColorCollectionViewController.swift in Sources */ = {isa = PBXBuildFile; fileRef = 1F232D2E1B196CB200ECD753 /* SJColorCollectionViewController.swift */; };
		1F293BF21B382AAC00551A40 /* CheckoutTableFooterView.swift in Sources */ = {isa = PBXBuildFile; fileRef = 1F293BF11B382AAC00551A40 /* CheckoutTableFooterView.swift */; };
		1F293BF41B382AC000551A40 /* CheckoutTableFooterView.xib in Resources */ = {isa = PBXBuildFile; fileRef = 1F293BF31B382AC000551A40 /* CheckoutTableFooterView.xib */; };
		1F293BF71B384D1300551A40 /* ShopifyUtilities.swift in Sources */ = {isa = PBXBuildFile; fileRef = 1F293BF61B384D1300551A40 /* ShopifyUtilities.swift */; };
		1F293BF91B38631100551A40 /* CartProduct.swift in Sources */ = {isa = PBXBuildFile; fileRef = 1F293BF81B38631100551A40 /* CartProduct.swift */; };
		1F39440B1B094EA4008E73E0 /* SJCollectionAddToCartReusableView.xib in Resources */ = {isa = PBXBuildFile; fileRef = 1F39440A1B094EA4008E73E0 /* SJCollectionAddToCartReusableView.xib */; };
		1F470C281B5FA4E400CECC2C /* SJTextStorage.swift in Sources */ = {isa = PBXBuildFile; fileRef = 1F470C271B5FA4E400CECC2C /* SJTextStorage.swift */; };
		1F470C301B5FADDF00CECC2C /* SupportViewController.swift in Sources */ = {isa = PBXBuildFile; fileRef = 1F470C2F1B5FADDF00CECC2C /* SupportViewController.swift */; };
		1F58FE621B340ED6003E2507 /* CartTableViewController.swift in Sources */ = {isa = PBXBuildFile; fileRef = 1F58FE611B340ED6003E2507 /* CartTableViewController.swift */; };
		1F58FE661B340F27003E2507 /* CartTableViewCell.swift in Sources */ = {isa = PBXBuildFile; fileRef = 1F58FE641B340F27003E2507 /* CartTableViewCell.swift */; };
		1F58FE671B340F27003E2507 /* CartTableViewCell.xib in Resources */ = {isa = PBXBuildFile; fileRef = 1F58FE651B340F27003E2507 /* CartTableViewCell.xib */; };
		1F771D161B6F3E21009A93D3 /* OperationCondition.swift in Sources */ = {isa = PBXBuildFile; fileRef = 1F771D151B6F3E21009A93D3 /* OperationCondition.swift */; };
		1F771D181B6F3E3A009A93D3 /* NetworkCondition.swift in Sources */ = {isa = PBXBuildFile; fileRef = 1F771D171B6F3E3A009A93D3 /* NetworkCondition.swift */; };
		1F771D1A1B6F3EA6009A93D3 /* OperationError.swift in Sources */ = {isa = PBXBuildFile; fileRef = 1F771D191B6F3EA6009A93D3 /* OperationError.swift */; };
		1F771D1C1B6F436F009A93D3 /* ShopifyGetProduct.swift in Sources */ = {isa = PBXBuildFile; fileRef = 1F771D1B1B6F436F009A93D3 /* ShopifyGetProduct.swift */; };
		1F771D1E1B6F5BAC009A93D3 /* OperationQueue.swift in Sources */ = {isa = PBXBuildFile; fileRef = 1F771D1D1B6F5BAC009A93D3 /* OperationQueue.swift */; };
		1F771D201B6F5E2F009A93D3 /* ShopifyCreateCheckout.swift in Sources */ = {isa = PBXBuildFile; fileRef = 1F771D1F1B6F5E2F009A93D3 /* ShopifyCreateCheckout.swift */; };
		1F771D221B6F7A68009A93D3 /* AlertOperation.swift in Sources */ = {isa = PBXBuildFile; fileRef = 1F771D211B6F7A68009A93D3 /* AlertOperation.swift */; };
		1F771D241B6F8258009A93D3 /* OperationObserver.swift in Sources */ = {isa = PBXBuildFile; fileRef = 1F771D231B6F8258009A93D3 /* OperationObserver.swift */; };
		1F771D2C1B6FF18A009A93D3 /* ShopifyGetShippingRate.swift in Sources */ = {isa = PBXBuildFile; fileRef = 1F771D2B1B6FF18A009A93D3 /* ShopifyGetShippingRate.swift */; };
		1F771D2E1B6FF965009A93D3 /* BlockObserver.swift in Sources */ = {isa = PBXBuildFile; fileRef = 1F771D2D1B6FF965009A93D3 /* BlockObserver.swift */; };
		1F88389C1B0D731200E3BBB6 /* SJTextField.swift in Sources */ = {isa = PBXBuildFile; fileRef = 1F88389B1B0D731200E3BBB6 /* SJTextField.swift */; };
		1F88389E1B0D875D00E3BBB6 /* SJLabel.swift in Sources */ = {isa = PBXBuildFile; fileRef = 1F88389D1B0D875D00E3BBB6 /* SJLabel.swift */; };
		1FA0F9BC1B3DAB9A00480B36 /* FinalTableViewControllerFooterView.swift in Sources */ = {isa = PBXBuildFile; fileRef = 1FA0F9BB1B3DAB9A00480B36 /* FinalTableViewControllerFooterView.swift */; };
		1FA0F9BE1B3DABA400480B36 /* FinalTableViewControllerFooterView.xib in Resources */ = {isa = PBXBuildFile; fileRef = 1FA0F9BD1B3DABA400480B36 /* FinalTableViewControllerFooterView.xib */; };
		1FA0F9C11B3DE98B00480B36 /* SweetAlert.swift in Sources */ = {isa = PBXBuildFile; fileRef = 1FA0F9C01B3DE98B00480B36 /* SweetAlert.swift */; };
		1FA8DC4E1B5CF14B00576175 /* TermsAndConditionsViewController.swift in Sources */ = {isa = PBXBuildFile; fileRef = 1FA8DC4D1B5CF14B00576175 /* TermsAndConditionsViewController.swift */; };
		1FB66B6C1B711DA000283A9F /* FAQ.pdf in Resources */ = {isa = PBXBuildFile; fileRef = 1FB66B6B1B711DA000283A9F /* FAQ.pdf */; };
		1FB66B6E1B711DCD00283A9F /* Terms_and_conditions.pdf in Resources */ = {isa = PBXBuildFile; fileRef = 1FB66B6D1B711DCD00283A9F /* Terms_and_conditions.pdf */; };
		1FBCAD191B87AA8A00BF8FD0 /* Buy.framework in Frameworks */ = {isa = PBXBuildFile; fileRef = 1FBCAD181B87AA8A00BF8FD0 /* Buy.framework */; };
		1FBCAD1B1B87ACD900BF8FD0 /* PassKit.framework in Frameworks */ = {isa = PBXBuildFile; fileRef = 1FBCAD1A1B87ACD900BF8FD0 /* PassKit.framework */; };
		1FC258AB1B14B60700EAEF20 /* UserCart.swift in Sources */ = {isa = PBXBuildFile; fileRef = 1FC258AA1B14B60700EAEF20 /* UserCart.swift */; };
		1FC72AD41B3D6C6400D54C1E /* CreditCardTableViewCell.swift in Sources */ = {isa = PBXBuildFile; fileRef = 1FC72AD21B3D6C6400D54C1E /* CreditCardTableViewCell.swift */; };
		1FC72AD51B3D6C6400D54C1E /* CreditCardTableViewCell.xib in Resources */ = {isa = PBXBuildFile; fileRef = 1FC72AD31B3D6C6400D54C1E /* CreditCardTableViewCell.xib */; };
		1FCF508F1B070F4C005D8578 /* SJCollectionView.swift in Sources */ = {isa = PBXBuildFile; fileRef = 1FCF508E1B070F4C005D8578 /* SJCollectionView.swift */; };
		1FCF50951B07EBAB005D8578 /* SJCollectionReusableView.swift in Sources */ = {isa = PBXBuildFile; fileRef = 1FCF50941B07EBAB005D8578 /* SJCollectionReusableView.swift */; };
		1FCF50991B07ECA3005D8578 /* SJCollectionRestartReusableView.xib in Resources */ = {isa = PBXBuildFile; fileRef = 1FCF50981B07ECA3005D8578 /* SJCollectionRestartReusableView.xib */; };
		1FCF509B1B07ED8A005D8578 /* SJCollectionShareReusableView.xib in Resources */ = {isa = PBXBuildFile; fileRef = 1FCF509A1B07ED8A005D8578 /* SJCollectionShareReusableView.xib */; };
		1FCF509D1B07F0C7005D8578 /* SJCollectionDecorationSilkySocksLogoReusableView.xib in Resources */ = {isa = PBXBuildFile; fileRef = 1FCF509C1B07F0C7005D8578 /* SJCollectionDecorationSilkySocksLogoReusableView.xib */; };
		1FCF50A11B083D70005D8578 /* SJCollectionViewDelegate.swift in Sources */ = {isa = PBXBuildFile; fileRef = 1FCF50A01B083D70005D8578 /* SJCollectionViewDelegate.swift */; };
		1FD244321B429AD300D9182A /* DiscountTableViewCell.swift in Sources */ = {isa = PBXBuildFile; fileRef = 1FD244311B429AD300D9182A /* DiscountTableViewCell.swift */; };
		1FD558001B2086CA003BDE2A /* SJApprovalViewController.swift in Sources */ = {isa = PBXBuildFile; fileRef = 1FD557FE1B2086CA003BDE2A /* SJApprovalViewController.swift */; };
		1FD558011B2086CA003BDE2A /* SJApprovalViewController.xib in Resources */ = {isa = PBXBuildFile; fileRef = 1FD557FF1B2086CA003BDE2A /* SJApprovalViewController.xib */; };
		1FECA5841B3019EB009CC8AF /* MessageUI.framework in Frameworks */ = {isa = PBXBuildFile; fileRef = 1FECA5831B3019EB009CC8AF /* MessageUI.framework */; };
		1FF543CC1B26259F007B6B19 /* TemplateInfoViewController.swift in Sources */ = {isa = PBXBuildFile; fileRef = 1FF543CA1B26259F007B6B19 /* TemplateInfoViewController.swift */; };
		1FF543CD1B26259F007B6B19 /* TemplateInfoViewController.xib in Resources */ = {isa = PBXBuildFile; fileRef = 1FF543CB1B26259F007B6B19 /* TemplateInfoViewController.xib */; };
		1FF5C6641B6E9D76000D835C /* Operation.swift in Sources */ = {isa = PBXBuildFile; fileRef = 1FF5C6631B6E9D76000D835C /* Operation.swift */; };
		1FF794061B21EEFD000CB14D /* SJColorFontCollectionViewCell.swift in Sources */ = {isa = PBXBuildFile; fileRef = 1FF794051B21EEFD000CB14D /* SJColorFontCollectionViewCell.swift */; };
		1FF794081B22DBBF000CB14D /* DoubleFeature.ttf in Resources */ = {isa = PBXBuildFile; fileRef = 1FF794071B22DBBF000CB14D /* DoubleFeature.ttf */; };
		1FF7940A1B22DCB2000CB14D /* Maiden.ttf in Resources */ = {isa = PBXBuildFile; fileRef = 1FF794091B22DCB2000CB14D /* Maiden.ttf */; };
		1FF7940C1B22DD05000CB14D /* Walkway Black.ttf in Resources */ = {isa = PBXBuildFile; fileRef = 1FF7940B1B22DD05000CB14D /* Walkway Black.ttf */; };
		1FF7940E1B22DD69000CB14D /* College.ttf in Resources */ = {isa = PBXBuildFile; fileRef = 1FF7940D1B22DD69000CB14D /* College.ttf */; };
		4F55B5541AE46E4900679048 /* SJCollectionViewCell.xib in Resources */ = {isa = PBXBuildFile; fileRef = 4F55B5531AE46E4900679048 /* SJCollectionViewCell.xib */; };
		4F55B55D1AE480F400679048 /* SJLayout.swift in Sources */ = {isa = PBXBuildFile; fileRef = 4F55B55C1AE480F400679048 /* SJLayout.swift */; };
		4F8D38A31AE440DE00F42E23 /* AppDelegate.swift in Sources */ = {isa = PBXBuildFile; fileRef = 4F8D38A21AE440DE00F42E23 /* AppDelegate.swift */; };
		4F8D38A61AE440DE00F42E23 /* Silky_Socks.xcdatamodeld in Sources */ = {isa = PBXBuildFile; fileRef = 4F8D38A41AE440DE00F42E23 /* Silky_Socks.xcdatamodeld */; };
		4F8D38AB1AE440DE00F42E23 /* Main.storyboard in Resources */ = {isa = PBXBuildFile; fileRef = 4F8D38A91AE440DE00F42E23 /* Main.storyboard */; };
		4F8D38AD1AE440DE00F42E23 /* Images.xcassets in Resources */ = {isa = PBXBuildFile; fileRef = 4F8D38AC1AE440DE00F42E23 /* Images.xcassets */; };
		4F8D38B01AE440DE00F42E23 /* LaunchScreen.xib in Resources */ = {isa = PBXBuildFile; fileRef = 4F8D38AE1AE440DE00F42E23 /* LaunchScreen.xib */; };
		4F8D38BC1AE440DE00F42E23 /* Silky_SocksTests.swift in Sources */ = {isa = PBXBuildFile; fileRef = 4F8D38BB1AE440DE00F42E23 /* Silky_SocksTests.swift */; };
		4F8D38C61AE441F700F42E23 /* SJCollectionViewCell.swift in Sources */ = {isa = PBXBuildFile; fileRef = 4F8D38C51AE441F700F42E23 /* SJCollectionViewCell.swift */; };
		4F8D38CA1AE4451000F42E23 /* SJCollectionViewController.swift in Sources */ = {isa = PBXBuildFile; fileRef = 4F8D38C91AE4451000F42E23 /* SJCollectionViewController.swift */; };
		4F8D38CC1AE4457800F42E23 /* TemplateModel.swift in Sources */ = {isa = PBXBuildFile; fileRef = 4F8D38CB1AE4457800F42E23 /* TemplateModel.swift */; };
		4FB6C9C11AE4AF70001A6E50 /* SJBottomView.swift in Sources */ = {isa = PBXBuildFile; fileRef = 4FB6C9C01AE4AF70001A6E50 /* SJBottomView.swift */; };
		4FB6C9C31AE4AF7A001A6E50 /* SJBottomView.xib in Resources */ = {isa = PBXBuildFile; fileRef = 4FB6C9C21AE4AF7A001A6E50 /* SJBottomView.xib */; };
		4FB6C9C51AE4B394001A6E50 /* Utilities.swift in Sources */ = {isa = PBXBuildFile; fileRef = 4FB6C9C41AE4B394001A6E50 /* Utilities.swift */; };
		DCE5E79073B5F6D74B71392E /* libPods.a in Frameworks */ = {isa = PBXBuildFile; fileRef = A500CDA46CB30110A9692251 /* libPods.a */; };
/* End PBXBuildFile section */

/* Begin PBXContainerItemProxy section */
		4F8D38B61AE440DE00F42E23 /* PBXContainerItemProxy */ = {
			isa = PBXContainerItemProxy;
			containerPortal = 4F8D38951AE440DE00F42E23 /* Project object */;
			proxyType = 1;
			remoteGlobalIDString = 4F8D389C1AE440DE00F42E23;
			remoteInfo = "Silky Socks";
		};
/* End PBXContainerItemProxy section */

/* Begin PBXFileReference section */
		1F1740581B41308400D1CA33 /* Order.swift */ = {isa = PBXFileReference; fileEncoding = 4; lastKnownFileType = sourcecode.swift; path = Order.swift; sourceTree = "<group>"; };
		1F17F2871B36AA7200DBFEBC /* CheckoutViewController.swift */ = {isa = PBXFileReference; fileEncoding = 4; lastKnownFileType = sourcecode.swift; path = CheckoutViewController.swift; sourceTree = "<group>"; };
		1F17F2891B36B11D00DBFEBC /* CheckoutTableHeaderView.swift */ = {isa = PBXFileReference; fileEncoding = 4; lastKnownFileType = sourcecode.swift; path = CheckoutTableHeaderView.swift; sourceTree = "<group>"; };
		1F17F28B1B36BC2000DBFEBC /* CheckoutTableHeaderView.xib */ = {isa = PBXFileReference; fileEncoding = 4; lastKnownFileType = file.xib; path = CheckoutTableHeaderView.xib; sourceTree = "<group>"; };
		1F17F28E1B36BE8A00DBFEBC /* CheckoutInfoTableViewCell.swift */ = {isa = PBXFileReference; fileEncoding = 4; lastKnownFileType = sourcecode.swift; path = CheckoutInfoTableViewCell.swift; sourceTree = "<group>"; };
		1F17F28F1B36BE8A00DBFEBC /* CheckoutInfoTableViewCell.xib */ = {isa = PBXFileReference; fileEncoding = 4; lastKnownFileType = file.xib; path = CheckoutInfoTableViewCell.xib; sourceTree = "<group>"; };
		1F17F2931B370AB700DBFEBC /* StatesPickerTableViewCell.swift */ = {isa = PBXFileReference; fileEncoding = 4; lastKnownFileType = sourcecode.swift; path = StatesPickerTableViewCell.swift; sourceTree = "<group>"; };
		1F17F2941B370AB700DBFEBC /* StatesPickerTableViewCell.xib */ = {isa = PBXFileReference; fileEncoding = 4; lastKnownFileType = file.xib; path = StatesPickerTableViewCell.xib; sourceTree = "<group>"; };
		1F1F77571B3C448700DBD227 /* FinalTableViewController.swift */ = {isa = PBXFileReference; fileEncoding = 4; lastKnownFileType = sourcecode.swift; path = FinalTableViewController.swift; sourceTree = "<group>"; };
		1F232D2E1B196CB200ECD753 /* SJColorCollectionViewController.swift */ = {isa = PBXFileReference; fileEncoding = 4; lastKnownFileType = sourcecode.swift; path = SJColorCollectionViewController.swift; sourceTree = "<group>"; };
		1F293BF01B38240000551A40 /* Silky Socks.entitlements */ = {isa = PBXFileReference; lastKnownFileType = text.xml; path = "Silky Socks.entitlements"; sourceTree = "<group>"; };
		1F293BF11B382AAC00551A40 /* CheckoutTableFooterView.swift */ = {isa = PBXFileReference; fileEncoding = 4; lastKnownFileType = sourcecode.swift; path = CheckoutTableFooterView.swift; sourceTree = "<group>"; };
		1F293BF31B382AC000551A40 /* CheckoutTableFooterView.xib */ = {isa = PBXFileReference; fileEncoding = 4; lastKnownFileType = file.xib; path = CheckoutTableFooterView.xib; sourceTree = "<group>"; };
		1F293BF61B384D1300551A40 /* ShopifyUtilities.swift */ = {isa = PBXFileReference; fileEncoding = 4; lastKnownFileType = sourcecode.swift; path = ShopifyUtilities.swift; sourceTree = "<group>"; };
		1F293BF81B38631100551A40 /* CartProduct.swift */ = {isa = PBXFileReference; fileEncoding = 4; lastKnownFileType = sourcecode.swift; path = CartProduct.swift; sourceTree = "<group>"; };
		1F39440A1B094EA4008E73E0 /* SJCollectionAddToCartReusableView.xib */ = {isa = PBXFileReference; fileEncoding = 4; lastKnownFileType = file.xib; path = SJCollectionAddToCartReusableView.xib; sourceTree = "<group>"; };
		1F470C271B5FA4E400CECC2C /* SJTextStorage.swift */ = {isa = PBXFileReference; fileEncoding = 4; lastKnownFileType = sourcecode.swift; path = SJTextStorage.swift; sourceTree = "<group>"; };
		1F470C2F1B5FADDF00CECC2C /* SupportViewController.swift */ = {isa = PBXFileReference; fileEncoding = 4; lastKnownFileType = sourcecode.swift; path = SupportViewController.swift; sourceTree = "<group>"; };
		1F4D93811B419D63008EAD74 /* libc++.dylib */ = {isa = PBXFileReference; lastKnownFileType = "compiled.mach-o.dylib"; name = "libc++.dylib"; path = "usr/lib/libc++.dylib"; sourceTree = SDKROOT; };
		1F54AD201B1602D6007E9E48 /* BridgingHeader.h */ = {isa = PBXFileReference; fileEncoding = 4; lastKnownFileType = sourcecode.c.h; path = BridgingHeader.h; sourceTree = "<group>"; };
		1F58FE611B340ED6003E2507 /* CartTableViewController.swift */ = {isa = PBXFileReference; fileEncoding = 4; lastKnownFileType = sourcecode.swift; path = CartTableViewController.swift; sourceTree = "<group>"; };
		1F58FE641B340F27003E2507 /* CartTableViewCell.swift */ = {isa = PBXFileReference; fileEncoding = 4; lastKnownFileType = sourcecode.swift; path = CartTableViewCell.swift; sourceTree = "<group>"; };
		1F58FE651B340F27003E2507 /* CartTableViewCell.xib */ = {isa = PBXFileReference; fileEncoding = 4; lastKnownFileType = file.xib; path = CartTableViewCell.xib; sourceTree = "<group>"; };
		1F771D151B6F3E21009A93D3 /* OperationCondition.swift */ = {isa = PBXFileReference; fileEncoding = 4; lastKnownFileType = sourcecode.swift; path = OperationCondition.swift; sourceTree = "<group>"; };
		1F771D171B6F3E3A009A93D3 /* NetworkCondition.swift */ = {isa = PBXFileReference; fileEncoding = 4; lastKnownFileType = sourcecode.swift; path = NetworkCondition.swift; sourceTree = "<group>"; };
		1F771D191B6F3EA6009A93D3 /* OperationError.swift */ = {isa = PBXFileReference; fileEncoding = 4; lastKnownFileType = sourcecode.swift; path = OperationError.swift; sourceTree = "<group>"; };
		1F771D1B1B6F436F009A93D3 /* ShopifyGetProduct.swift */ = {isa = PBXFileReference; fileEncoding = 4; lastKnownFileType = sourcecode.swift; path = ShopifyGetProduct.swift; sourceTree = "<group>"; };
		1F771D1D1B6F5BAC009A93D3 /* OperationQueue.swift */ = {isa = PBXFileReference; fileEncoding = 4; lastKnownFileType = sourcecode.swift; path = OperationQueue.swift; sourceTree = "<group>"; };
		1F771D1F1B6F5E2F009A93D3 /* ShopifyCreateCheckout.swift */ = {isa = PBXFileReference; fileEncoding = 4; lastKnownFileType = sourcecode.swift; path = ShopifyCreateCheckout.swift; sourceTree = "<group>"; };
		1F771D211B6F7A68009A93D3 /* AlertOperation.swift */ = {isa = PBXFileReference; fileEncoding = 4; lastKnownFileType = sourcecode.swift; path = AlertOperation.swift; sourceTree = "<group>"; };
		1F771D231B6F8258009A93D3 /* OperationObserver.swift */ = {isa = PBXFileReference; fileEncoding = 4; lastKnownFileType = sourcecode.swift; path = OperationObserver.swift; sourceTree = "<group>"; };
		1F771D2B1B6FF18A009A93D3 /* ShopifyGetShippingRate.swift */ = {isa = PBXFileReference; fileEncoding = 4; lastKnownFileType = sourcecode.swift; path = ShopifyGetShippingRate.swift; sourceTree = "<group>"; };
		1F771D2D1B6FF965009A93D3 /* BlockObserver.swift */ = {isa = PBXFileReference; fileEncoding = 4; lastKnownFileType = sourcecode.swift; path = BlockObserver.swift; sourceTree = "<group>"; };
		1F88389B1B0D731200E3BBB6 /* SJTextField.swift */ = {isa = PBXFileReference; fileEncoding = 4; lastKnownFileType = sourcecode.swift; path = SJTextField.swift; sourceTree = "<group>"; };
		1F88389D1B0D875D00E3BBB6 /* SJLabel.swift */ = {isa = PBXFileReference; fileEncoding = 4; lastKnownFileType = sourcecode.swift; path = SJLabel.swift; sourceTree = "<group>"; };
		1FA0F9BB1B3DAB9A00480B36 /* FinalTableViewControllerFooterView.swift */ = {isa = PBXFileReference; fileEncoding = 4; lastKnownFileType = sourcecode.swift; path = FinalTableViewControllerFooterView.swift; sourceTree = "<group>"; };
		1FA0F9BD1B3DABA400480B36 /* FinalTableViewControllerFooterView.xib */ = {isa = PBXFileReference; fileEncoding = 4; lastKnownFileType = file.xib; path = FinalTableViewControllerFooterView.xib; sourceTree = "<group>"; };
		1FA0F9C01B3DE98B00480B36 /* SweetAlert.swift */ = {isa = PBXFileReference; fileEncoding = 4; lastKnownFileType = sourcecode.swift; path = SweetAlert.swift; sourceTree = "<group>"; };
		1FA8DC4D1B5CF14B00576175 /* TermsAndConditionsViewController.swift */ = {isa = PBXFileReference; fileEncoding = 4; lastKnownFileType = sourcecode.swift; path = TermsAndConditionsViewController.swift; sourceTree = "<group>"; };
		1FB66B6B1B711DA000283A9F /* FAQ.pdf */ = {isa = PBXFileReference; lastKnownFileType = image.pdf; path = FAQ.pdf; sourceTree = "<group>"; };
		1FB66B6D1B711DCD00283A9F /* Terms_and_conditions.pdf */ = {isa = PBXFileReference; lastKnownFileType = image.pdf; path = Terms_and_conditions.pdf; sourceTree = "<group>"; };
		1FBCAD181B87AA8A00BF8FD0 /* Buy.framework */ = {isa = PBXFileReference; lastKnownFileType = wrapper.framework; path = Buy.framework; sourceTree = "<group>"; };
		1FBCAD1A1B87ACD900BF8FD0 /* PassKit.framework */ = {isa = PBXFileReference; lastKnownFileType = wrapper.framework; name = PassKit.framework; path = System/Library/Frameworks/PassKit.framework; sourceTree = SDKROOT; };
		1FC258AA1B14B60700EAEF20 /* UserCart.swift */ = {isa = PBXFileReference; fileEncoding = 4; lastKnownFileType = sourcecode.swift; path = UserCart.swift; sourceTree = "<group>"; };
		1FC72AD21B3D6C6400D54C1E /* CreditCardTableViewCell.swift */ = {isa = PBXFileReference; fileEncoding = 4; lastKnownFileType = sourcecode.swift; path = CreditCardTableViewCell.swift; sourceTree = "<group>"; };
		1FC72AD31B3D6C6400D54C1E /* CreditCardTableViewCell.xib */ = {isa = PBXFileReference; fileEncoding = 4; lastKnownFileType = file.xib; path = CreditCardTableViewCell.xib; sourceTree = "<group>"; };
		1FCF508E1B070F4C005D8578 /* SJCollectionView.swift */ = {isa = PBXFileReference; fileEncoding = 4; lastKnownFileType = sourcecode.swift; path = SJCollectionView.swift; sourceTree = "<group>"; };
		1FCF50941B07EBAB005D8578 /* SJCollectionReusableView.swift */ = {isa = PBXFileReference; fileEncoding = 4; lastKnownFileType = sourcecode.swift; path = SJCollectionReusableView.swift; sourceTree = "<group>"; };
		1FCF50981B07ECA3005D8578 /* SJCollectionRestartReusableView.xib */ = {isa = PBXFileReference; fileEncoding = 4; lastKnownFileType = file.xib; path = SJCollectionRestartReusableView.xib; sourceTree = "<group>"; };
		1FCF509A1B07ED8A005D8578 /* SJCollectionShareReusableView.xib */ = {isa = PBXFileReference; fileEncoding = 4; lastKnownFileType = file.xib; path = SJCollectionShareReusableView.xib; sourceTree = "<group>"; };
		1FCF509C1B07F0C7005D8578 /* SJCollectionDecorationSilkySocksLogoReusableView.xib */ = {isa = PBXFileReference; fileEncoding = 4; lastKnownFileType = file.xib; path = SJCollectionDecorationSilkySocksLogoReusableView.xib; sourceTree = "<group>"; };
		1FCF50A01B083D70005D8578 /* SJCollectionViewDelegate.swift */ = {isa = PBXFileReference; fileEncoding = 4; lastKnownFileType = sourcecode.swift; path = SJCollectionViewDelegate.swift; sourceTree = "<group>"; };
		1FD244311B429AD300D9182A /* DiscountTableViewCell.swift */ = {isa = PBXFileReference; fileEncoding = 4; lastKnownFileType = sourcecode.swift; path = DiscountTableViewCell.swift; sourceTree = "<group>"; };
		1FD557FE1B2086CA003BDE2A /* SJApprovalViewController.swift */ = {isa = PBXFileReference; fileEncoding = 4; lastKnownFileType = sourcecode.swift; path = SJApprovalViewController.swift; sourceTree = "<group>"; };
		1FD557FF1B2086CA003BDE2A /* SJApprovalViewController.xib */ = {isa = PBXFileReference; fileEncoding = 4; lastKnownFileType = file.xib; path = SJApprovalViewController.xib; sourceTree = "<group>"; };
		1FECA5831B3019EB009CC8AF /* MessageUI.framework */ = {isa = PBXFileReference; lastKnownFileType = wrapper.framework; name = MessageUI.framework; path = System/Library/Frameworks/MessageUI.framework; sourceTree = SDKROOT; };
		1FF543CA1B26259F007B6B19 /* TemplateInfoViewController.swift */ = {isa = PBXFileReference; fileEncoding = 4; lastKnownFileType = sourcecode.swift; path = TemplateInfoViewController.swift; sourceTree = "<group>"; };
		1FF543CB1B26259F007B6B19 /* TemplateInfoViewController.xib */ = {isa = PBXFileReference; fileEncoding = 4; lastKnownFileType = file.xib; path = TemplateInfoViewController.xib; sourceTree = "<group>"; };
		1FF5C6631B6E9D76000D835C /* Operation.swift */ = {isa = PBXFileReference; fileEncoding = 4; lastKnownFileType = sourcecode.swift; path = Operation.swift; sourceTree = "<group>"; };
		1FF794051B21EEFD000CB14D /* SJColorFontCollectionViewCell.swift */ = {isa = PBXFileReference; fileEncoding = 4; lastKnownFileType = sourcecode.swift; path = SJColorFontCollectionViewCell.swift; sourceTree = "<group>"; };
		1FF794071B22DBBF000CB14D /* DoubleFeature.ttf */ = {isa = PBXFileReference; lastKnownFileType = file; path = DoubleFeature.ttf; sourceTree = "<group>"; };
		1FF794091B22DCB2000CB14D /* Maiden.ttf */ = {isa = PBXFileReference; lastKnownFileType = file; path = Maiden.ttf; sourceTree = "<group>"; };
		1FF7940B1B22DD05000CB14D /* Walkway Black.ttf */ = {isa = PBXFileReference; lastKnownFileType = file; path = "Walkway Black.ttf"; sourceTree = "<group>"; };
		1FF7940D1B22DD69000CB14D /* College.ttf */ = {isa = PBXFileReference; lastKnownFileType = file; path = College.ttf; sourceTree = "<group>"; };
		4F55B5531AE46E4900679048 /* SJCollectionViewCell.xib */ = {isa = PBXFileReference; fileEncoding = 4; lastKnownFileType = file.xib; path = SJCollectionViewCell.xib; sourceTree = "<group>"; };
		4F55B55C1AE480F400679048 /* SJLayout.swift */ = {isa = PBXFileReference; fileEncoding = 4; lastKnownFileType = sourcecode.swift; path = SJLayout.swift; sourceTree = "<group>"; };
		4F8D389D1AE440DE00F42E23 /* Silky Socks.app */ = {isa = PBXFileReference; explicitFileType = wrapper.application; includeInIndex = 0; path = "Silky Socks.app"; sourceTree = BUILT_PRODUCTS_DIR; };
		4F8D38A11AE440DE00F42E23 /* Info.plist */ = {isa = PBXFileReference; lastKnownFileType = text.plist.xml; path = Info.plist; sourceTree = "<group>"; };
		4F8D38A21AE440DE00F42E23 /* AppDelegate.swift */ = {isa = PBXFileReference; lastKnownFileType = sourcecode.swift; path = AppDelegate.swift; sourceTree = "<group>"; };
		4F8D38A51AE440DE00F42E23 /* Silky_Socks.xcdatamodel */ = {isa = PBXFileReference; lastKnownFileType = wrapper.xcdatamodel; path = Silky_Socks.xcdatamodel; sourceTree = "<group>"; };
		4F8D38AA1AE440DE00F42E23 /* Base */ = {isa = PBXFileReference; lastKnownFileType = file.storyboard; name = Base; path = Base.lproj/Main.storyboard; sourceTree = "<group>"; };
		4F8D38AC1AE440DE00F42E23 /* Images.xcassets */ = {isa = PBXFileReference; lastKnownFileType = folder.assetcatalog; path = Images.xcassets; sourceTree = "<group>"; };
		4F8D38AF1AE440DE00F42E23 /* Base */ = {isa = PBXFileReference; lastKnownFileType = file.xib; name = Base; path = Base.lproj/LaunchScreen.xib; sourceTree = "<group>"; };
		4F8D38B51AE440DE00F42E23 /* Silky SocksTests.xctest */ = {isa = PBXFileReference; explicitFileType = wrapper.cfbundle; includeInIndex = 0; path = "Silky SocksTests.xctest"; sourceTree = BUILT_PRODUCTS_DIR; };
		4F8D38BA1AE440DE00F42E23 /* Info.plist */ = {isa = PBXFileReference; lastKnownFileType = text.plist.xml; path = Info.plist; sourceTree = "<group>"; };
		4F8D38BB1AE440DE00F42E23 /* Silky_SocksTests.swift */ = {isa = PBXFileReference; lastKnownFileType = sourcecode.swift; path = Silky_SocksTests.swift; sourceTree = "<group>"; };
		4F8D38C51AE441F700F42E23 /* SJCollectionViewCell.swift */ = {isa = PBXFileReference; fileEncoding = 4; lastKnownFileType = sourcecode.swift; path = SJCollectionViewCell.swift; sourceTree = "<group>"; };
		4F8D38C91AE4451000F42E23 /* SJCollectionViewController.swift */ = {isa = PBXFileReference; fileEncoding = 4; lastKnownFileType = sourcecode.swift; path = SJCollectionViewController.swift; sourceTree = "<group>"; };
		4F8D38CB1AE4457800F42E23 /* TemplateModel.swift */ = {isa = PBXFileReference; fileEncoding = 4; lastKnownFileType = sourcecode.swift; path = TemplateModel.swift; sourceTree = "<group>"; };
		4FB6C9C01AE4AF70001A6E50 /* SJBottomView.swift */ = {isa = PBXFileReference; fileEncoding = 4; lastKnownFileType = sourcecode.swift; path = SJBottomView.swift; sourceTree = "<group>"; };
		4FB6C9C21AE4AF7A001A6E50 /* SJBottomView.xib */ = {isa = PBXFileReference; fileEncoding = 4; lastKnownFileType = file.xib; path = SJBottomView.xib; sourceTree = "<group>"; };
		4FB6C9C41AE4B394001A6E50 /* Utilities.swift */ = {isa = PBXFileReference; fileEncoding = 4; lastKnownFileType = sourcecode.swift; path = Utilities.swift; sourceTree = "<group>"; };
		A500CDA46CB30110A9692251 /* libPods.a */ = {isa = PBXFileReference; explicitFileType = archive.ar; includeInIndex = 0; path = libPods.a; sourceTree = BUILT_PRODUCTS_DIR; };
		A6BF6C0E20899D5B992A342B /* Pods.debug.xcconfig */ = {isa = PBXFileReference; includeInIndex = 1; lastKnownFileType = text.xcconfig; name = Pods.debug.xcconfig; path = "Pods/Target Support Files/Pods/Pods.debug.xcconfig"; sourceTree = "<group>"; };
		C8123369B14342C6083D9FB8 /* Pods.release.xcconfig */ = {isa = PBXFileReference; includeInIndex = 1; lastKnownFileType = text.xcconfig; name = Pods.release.xcconfig; path = "Pods/Target Support Files/Pods/Pods.release.xcconfig"; sourceTree = "<group>"; };
/* End PBXFileReference section */

/* Begin PBXFrameworksBuildPhase section */
		4F8D389A1AE440DE00F42E23 /* Frameworks */ = {
			isa = PBXFrameworksBuildPhase;
			buildActionMask = 2147483647;
			files = (
				1FBCAD1B1B87ACD900BF8FD0 /* PassKit.framework in Frameworks */,
				1FECA5841B3019EB009CC8AF /* MessageUI.framework in Frameworks */,
				DCE5E79073B5F6D74B71392E /* libPods.a in Frameworks */,
				1FBCAD191B87AA8A00BF8FD0 /* Buy.framework in Frameworks */,
			);
			runOnlyForDeploymentPostprocessing = 0;
		};
		4F8D38B21AE440DE00F42E23 /* Frameworks */ = {
			isa = PBXFrameworksBuildPhase;
			buildActionMask = 2147483647;
			files = (
			);
			runOnlyForDeploymentPostprocessing = 0;
		};
/* End PBXFrameworksBuildPhase section */

/* Begin PBXGroup section */
		1F17F28D1B36BE3600DBFEBC /* Table View Cells */ = {
			isa = PBXGroup;
			children = (
				1F58FE641B340F27003E2507 /* CartTableViewCell.swift */,
				1F58FE651B340F27003E2507 /* CartTableViewCell.xib */,
				1F17F28E1B36BE8A00DBFEBC /* CheckoutInfoTableViewCell.swift */,
				1F17F28F1B36BE8A00DBFEBC /* CheckoutInfoTableViewCell.xib */,
				1FC72AD21B3D6C6400D54C1E /* CreditCardTableViewCell.swift */,
				1FC72AD31B3D6C6400D54C1E /* CreditCardTableViewCell.xib */,
				1FD244311B429AD300D9182A /* DiscountTableViewCell.swift */,
				1F17F2931B370AB700DBFEBC /* StatesPickerTableViewCell.swift */,
				1F17F2941B370AB700DBFEBC /* StatesPickerTableViewCell.xib */,
			);
			name = "Table View Cells";
			sourceTree = "<group>";
		};
		1F17F2921B36BED200DBFEBC /* Checkout Table Header View */ = {
			isa = PBXGroup;
			children = (
				1F17F2891B36B11D00DBFEBC /* CheckoutTableHeaderView.swift */,
				1F17F28B1B36BC2000DBFEBC /* CheckoutTableHeaderView.xib */,
			);
			name = "Checkout Table Header View";
			sourceTree = "<group>";
		};
		1F1914651B3E86FB008837D8 /* Third Party */ = {
			isa = PBXGroup;
			children = (
				1FA0F9C01B3DE98B00480B36 /* SweetAlert.swift */,
			);
			name = "Third Party";
			sourceTree = "<group>";
		};
		1F1914661B3E872E008837D8 /* Table View */ = {
			isa = PBXGroup;
			children = (
				1F17F28D1B36BE3600DBFEBC /* Table View Cells */,
				1FA0F9BF1B3DE5A500480B36 /* Final VC Footer View */,
				1F17F2921B36BED200DBFEBC /* Checkout Table Header View */,
				1F293BF51B382B1E00551A40 /* Checkout Table Footer View */,
			);
			name = "Table View";
			sourceTree = "<group>";
		};
		1F293BF51B382B1E00551A40 /* Checkout Table Footer View */ = {
			isa = PBXGroup;
			children = (
				1F293BF11B382AAC00551A40 /* CheckoutTableFooterView.swift */,
				1F293BF31B382AC000551A40 /* CheckoutTableFooterView.xib */,
			);
			name = "Checkout Table Footer View";
			sourceTree = "<group>";
		};
		1F535DEF1B242164008663DF /* Frameworks */ = {
			isa = PBXGroup;
			children = (
				1FBCAD181B87AA8A00BF8FD0 /* Buy.framework */,
				1FECA5831B3019EB009CC8AF /* MessageUI.framework */,
			);
			name = Frameworks;
			sourceTree = "<group>";
		};
		1F58FE631B340EDE003E2507 /* Additional VC */ = {
			isa = PBXGroup;
			children = (
				1F232D2E1B196CB200ECD753 /* SJColorCollectionViewController.swift */,
				1FD557FE1B2086CA003BDE2A /* SJApprovalViewController.swift */,
				1FD557FF1B2086CA003BDE2A /* SJApprovalViewController.xib */,
				1FF543CA1B26259F007B6B19 /* TemplateInfoViewController.swift */,
				1FF543CB1B26259F007B6B19 /* TemplateInfoViewController.xib */,
			);
			name = "Additional VC";
			sourceTree = "<group>";
		};
		1F771D251B6FF077009A93D3 /* Operation Condition */ = {
			isa = PBXGroup;
			children = (
				1F771D151B6F3E21009A93D3 /* OperationCondition.swift */,
				1F771D171B6F3E3A009A93D3 /* NetworkCondition.swift */,
			);
			name = "Operation Condition";
			sourceTree = "<group>";
		};
		1F771D261B6FF082009A93D3 /* Operation Observer */ = {
			isa = PBXGroup;
			children = (
				1F771D231B6F8258009A93D3 /* OperationObserver.swift */,
				1F771D2D1B6FF965009A93D3 /* BlockObserver.swift */,
			);
			name = "Operation Observer";
			sourceTree = "<group>";
		};
		1F771D271B6FF08E009A93D3 /* Operation */ = {
			isa = PBXGroup;
			children = (
				1FF5C6631B6E9D76000D835C /* Operation.swift */,
				1F771D211B6F7A68009A93D3 /* AlertOperation.swift */,
				1F771D1B1B6F436F009A93D3 /* ShopifyGetProduct.swift */,
				1F771D1F1B6F5E2F009A93D3 /* ShopifyCreateCheckout.swift */,
				1F771D2B1B6FF18A009A93D3 /* ShopifyGetShippingRate.swift */,
			);
			name = Operation;
			sourceTree = "<group>";
		};
		1F771D281B6FF094009A93D3 /* Operation Queue */ = {
			isa = PBXGroup;
			children = (
				1F771D1D1B6F5BAC009A93D3 /* OperationQueue.swift */,
			);
			name = "Operation Queue";
			sourceTree = "<group>";
		};
		1F771D291B6FF09C009A93D3 /* Operation Error */ = {
			isa = PBXGroup;
			children = (
				1F771D191B6F3EA6009A93D3 /* OperationError.swift */,
			);
			name = "Operation Error";
			sourceTree = "<group>";
		};
		1F771D2A1B6FF0A8009A93D3 /* NSOperations */ = {
			isa = PBXGroup;
			children = (
				1F771D261B6FF082009A93D3 /* Operation Observer */,
				1F771D281B6FF094009A93D3 /* Operation Queue */,
				1F771D271B6FF08E009A93D3 /* Operation */,
				1F771D291B6FF09C009A93D3 /* Operation Error */,
				1F771D251B6FF077009A93D3 /* Operation Condition */,
			);
			name = NSOperations;
			sourceTree = "<group>";
		};
		1FA0F9BF1B3DE5A500480B36 /* Final VC Footer View */ = {
			isa = PBXGroup;
			children = (
				1FA0F9BB1B3DAB9A00480B36 /* FinalTableViewControllerFooterView.swift */,
				1FA0F9BD1B3DABA400480B36 /* FinalTableViewControllerFooterView.xib */,
			);
			name = "Final VC Footer View";
			sourceTree = "<group>";
		};
		1FC258A91B14901500EAEF20 /* Bottom View */ = {
			isa = PBXGroup;
			children = (
				4FB6C9C01AE4AF70001A6E50 /* SJBottomView.swift */,
				4FB6C9C21AE4AF7A001A6E50 /* SJBottomView.xib */,
			);
			name = "Bottom View";
			sourceTree = "<group>";
		};
		1FCF508D1B070EA6005D8578 /* Data Source & Delegate */ = {
			isa = PBXGroup;
			children = (
				1FCF50A01B083D70005D8578 /* SJCollectionViewDelegate.swift */,
			);
			name = "Data Source & Delegate";
			sourceTree = "<group>";
		};
		1FCF509E1B07FF06005D8578 /* Collection View Cell */ = {
			isa = PBXGroup;
			children = (
				4F8D38C51AE441F700F42E23 /* SJCollectionViewCell.swift */,
				4F55B5531AE46E4900679048 /* SJCollectionViewCell.xib */,
				1FF794051B21EEFD000CB14D /* SJColorFontCollectionViewCell.swift */,
			);
			name = "Collection View Cell";
			sourceTree = "<group>";
		};
		1FCF509F1B07FF0B005D8578 /* Supplementary Views */ = {
			isa = PBXGroup;
			children = (
				1FC258A91B14901500EAEF20 /* Bottom View */,
				1FCF50941B07EBAB005D8578 /* SJCollectionReusableView.swift */,
				1FCF50981B07ECA3005D8578 /* SJCollectionRestartReusableView.xib */,
				1FCF509A1B07ED8A005D8578 /* SJCollectionShareReusableView.xib */,
				1F39440A1B094EA4008E73E0 /* SJCollectionAddToCartReusableView.xib */,
				1FCF509C1B07F0C7005D8578 /* SJCollectionDecorationSilkySocksLogoReusableView.xib */,
			);
			name = "Supplementary Views";
			sourceTree = "<group>";
		};
		1FF7940F1B22DE9D000CB14D /* Fonts */ = {
			isa = PBXGroup;
			children = (
				1FF7940D1B22DD69000CB14D /* College.ttf */,
				1FF794071B22DBBF000CB14D /* DoubleFeature.ttf */,
				1FF794091B22DCB2000CB14D /* Maiden.ttf */,
				1FF7940B1B22DD05000CB14D /* Walkway Black.ttf */,
			);
			name = Fonts;
			sourceTree = "<group>";
		};
		1FFB38701B2042D3007E9390 /* Collection View */ = {
			isa = PBXGroup;
			children = (
				1FCF509E1B07FF06005D8578 /* Collection View Cell */,
				1FCF509F1B07FF0B005D8578 /* Supplementary Views */,
				1FCF508E1B070F4C005D8578 /* SJCollectionView.swift */,
			);
			name = "Collection View";
			sourceTree = "<group>";
		};
		1FFB38711B204F62007E9390 /* Normal */ = {
			isa = PBXGroup;
			children = (
				1F88389D1B0D875D00E3BBB6 /* SJLabel.swift */,
				1F88389B1B0D731200E3BBB6 /* SJTextField.swift */,
			);
			name = Normal;
			sourceTree = "<group>";
		};
		4F55B55B1AE480D900679048 /* Layout */ = {
			isa = PBXGroup;
			children = (
				4F55B55C1AE480F400679048 /* SJLayout.swift */,
			);
			name = Layout;
			sourceTree = "<group>";
		};
		4F8D38941AE440DE00F42E23 = {
			isa = PBXGroup;
			children = (
				4F8D389F1AE440DE00F42E23 /* Silky Socks */,
				4F8D38B81AE440DE00F42E23 /* Silky SocksTests */,
				4F8D389E1AE440DE00F42E23 /* Products */,
				F200BE60744ED0B90EE8F191 /* Pods */,
				B1D24AED7E9578EEC501D2B4 /* Frameworks */,
			);
			sourceTree = "<group>";
		};
		4F8D389E1AE440DE00F42E23 /* Products */ = {
			isa = PBXGroup;
			children = (
				4F8D389D1AE440DE00F42E23 /* Silky Socks.app */,
				4F8D38B51AE440DE00F42E23 /* Silky SocksTests.xctest */,
			);
			name = Products;
			sourceTree = "<group>";
		};
		4F8D389F1AE440DE00F42E23 /* Silky Socks */ = {
			isa = PBXGroup;
			children = (
				1F535DEF1B242164008663DF /* Frameworks */,
				1F771D2A1B6FF0A8009A93D3 /* NSOperations */,
				4F8D38D01AE4461C00F42E23 /* Model */,
				1FCF508D1B070EA6005D8578 /* Data Source & Delegate */,
				4F8D38CF1AE4461700F42E23 /* View */,
				4F55B55B1AE480D900679048 /* Layout */,
				4F8D38D11AE4462D00F42E23 /* Controller */,
				4F8D38A01AE440DE00F42E23 /* Supporting Files */,
			);
			path = "Silky Socks";
			sourceTree = "<group>";
		};
		4F8D38A01AE440DE00F42E23 /* Supporting Files */ = {
			isa = PBXGroup;
			children = (
				1F54AD201B1602D6007E9E48 /* BridgingHeader.h */,
				4F8D38A21AE440DE00F42E23 /* AppDelegate.swift */,
				4F8D38A91AE440DE00F42E23 /* Main.storyboard */,
				4F8D38AE1AE440DE00F42E23 /* LaunchScreen.xib */,
				4F8D38A41AE440DE00F42E23 /* Silky_Socks.xcdatamodeld */,
				1F293BF01B38240000551A40 /* Silky Socks.entitlements */,
				4F8D38A11AE440DE00F42E23 /* Info.plist */,
				4F8D38AC1AE440DE00F42E23 /* Images.xcassets */,
				1FB66B6B1B711DA000283A9F /* FAQ.pdf */,
				1FB66B6D1B711DCD00283A9F /* Terms_and_conditions.pdf */,
				1FF7940F1B22DE9D000CB14D /* Fonts */,
			);
			name = "Supporting Files";
			sourceTree = "<group>";
		};
		4F8D38B81AE440DE00F42E23 /* Silky SocksTests */ = {
			isa = PBXGroup;
			children = (
				4F8D38BB1AE440DE00F42E23 /* Silky_SocksTests.swift */,
				4F8D38B91AE440DE00F42E23 /* Supporting Files */,
			);
			path = "Silky SocksTests";
			sourceTree = "<group>";
		};
		4F8D38B91AE440DE00F42E23 /* Supporting Files */ = {
			isa = PBXGroup;
			children = (
				4F8D38BA1AE440DE00F42E23 /* Info.plist */,
			);
			name = "Supporting Files";
			sourceTree = "<group>";
		};
		4F8D38CF1AE4461700F42E23 /* View */ = {
			isa = PBXGroup;
			children = (
				1F470C271B5FA4E400CECC2C /* SJTextStorage.swift */,
				1F1914651B3E86FB008837D8 /* Third Party */,
				1FFB38711B204F62007E9390 /* Normal */,
				1F1914661B3E872E008837D8 /* Table View */,
				1FFB38701B2042D3007E9390 /* Collection View */,
			);
			name = View;
			sourceTree = "<group>";
		};
		4F8D38D01AE4461C00F42E23 /* Model */ = {
			isa = PBXGroup;
			children = (
				1F1740581B41308400D1CA33 /* Order.swift */,
				4F8D38CB1AE4457800F42E23 /* TemplateModel.swift */,
				1FC258AA1B14B60700EAEF20 /* UserCart.swift */,
				1F293BF81B38631100551A40 /* CartProduct.swift */,
				1F293BF61B384D1300551A40 /* ShopifyUtilities.swift */,
				4FB6C9C41AE4B394001A6E50 /* Utilities.swift */,
			);
			name = Model;
			sourceTree = "<group>";
		};
		4F8D38D11AE4462D00F42E23 /* Controller */ = {
			isa = PBXGroup;
			children = (
				4F8D38C91AE4451000F42E23 /* SJCollectionViewController.swift */,
				1F58FE611B340ED6003E2507 /* CartTableViewController.swift */,
				1F17F2871B36AA7200DBFEBC /* CheckoutViewController.swift */,
				1F1F77571B3C448700DBD227 /* FinalTableViewController.swift */,
				1F470C2F1B5FADDF00CECC2C /* SupportViewController.swift */,
				1FA8DC4D1B5CF14B00576175 /* TermsAndConditionsViewController.swift */,
				1F58FE631B340EDE003E2507 /* Additional VC */,
			);
			name = Controller;
			sourceTree = "<group>";
		};
		B1D24AED7E9578EEC501D2B4 /* Frameworks */ = {
			isa = PBXGroup;
			children = (
				1FBCAD1A1B87ACD900BF8FD0 /* PassKit.framework */,
				1F4D93811B419D63008EAD74 /* libc++.dylib */,
				A500CDA46CB30110A9692251 /* libPods.a */,
			);
			name = Frameworks;
			sourceTree = "<group>";
		};
		F200BE60744ED0B90EE8F191 /* Pods */ = {
			isa = PBXGroup;
			children = (
				A6BF6C0E20899D5B992A342B /* Pods.debug.xcconfig */,
				C8123369B14342C6083D9FB8 /* Pods.release.xcconfig */,
			);
			name = Pods;
			sourceTree = "<group>";
		};
/* End PBXGroup section */

/* Begin PBXNativeTarget section */
		4F8D389C1AE440DE00F42E23 /* Silky Socks */ = {
			isa = PBXNativeTarget;
			buildConfigurationList = 4F8D38BF1AE440DE00F42E23 /* Build configuration list for PBXNativeTarget "Silky Socks" */;
			buildPhases = (
				03D0DB065B417786232B937D /* Check Pods Manifest.lock */,
				4F8D38991AE440DE00F42E23 /* Sources */,
				4F8D389A1AE440DE00F42E23 /* Frameworks */,
				4F8D389B1AE440DE00F42E23 /* Resources */,
				20F629CA8399A212F90F7A37 /* Copy Pods Resources */,
			);
			buildRules = (
			);
			dependencies = (
			);
			name = "Silky Socks";
			productName = "Silky Socks";
			productReference = 4F8D389D1AE440DE00F42E23 /* Silky Socks.app */;
			productType = "com.apple.product-type.application";
		};
		4F8D38B41AE440DE00F42E23 /* Silky SocksTests */ = {
			isa = PBXNativeTarget;
			buildConfigurationList = 4F8D38C21AE440DE00F42E23 /* Build configuration list for PBXNativeTarget "Silky SocksTests" */;
			buildPhases = (
				4F8D38B11AE440DE00F42E23 /* Sources */,
				4F8D38B21AE440DE00F42E23 /* Frameworks */,
				4F8D38B31AE440DE00F42E23 /* Resources */,
			);
			buildRules = (
			);
			dependencies = (
				4F8D38B71AE440DE00F42E23 /* PBXTargetDependency */,
			);
			name = "Silky SocksTests";
			productName = "Silky SocksTests";
			productReference = 4F8D38B51AE440DE00F42E23 /* Silky SocksTests.xctest */;
			productType = "com.apple.product-type.bundle.unit-test";
		};
/* End PBXNativeTarget section */

/* Begin PBXProject section */
		4F8D38951AE440DE00F42E23 /* Project object */ = {
			isa = PBXProject;
			attributes = {
				LastSwiftMigration = 0700;
				LastSwiftUpdateCheck = 0700;
				LastUpgradeCheck = 0700;
				ORGANIZATIONNAME = "Full Stak";
				TargetAttributes = {
					4F8D389C1AE440DE00F42E23 = {
						CreatedOnToolsVersion = 6.3;
						DevelopmentTeam = DYNDWV74W5;
						SystemCapabilities = {
							com.apple.OMC = {
								enabled = 1;
							};
							com.apple.Passbook = {
								enabled = 0;
							};
							com.apple.Wallet = {
								enabled = 1;
							};
						};
					};
					4F8D38B41AE440DE00F42E23 = {
						CreatedOnToolsVersion = 6.3;
						DevelopmentTeam = RK8DK924Z5;
						TestTargetID = 4F8D389C1AE440DE00F42E23;
					};
				};
			};
			buildConfigurationList = 4F8D38981AE440DE00F42E23 /* Build configuration list for PBXProject "Silky Socks" */;
			compatibilityVersion = "Xcode 3.2";
			developmentRegion = English;
			hasScannedForEncodings = 0;
			knownRegions = (
				en,
				Base,
			);
			mainGroup = 4F8D38941AE440DE00F42E23;
			productRefGroup = 4F8D389E1AE440DE00F42E23 /* Products */;
			projectDirPath = "";
			projectRoot = "";
			targets = (
				4F8D389C1AE440DE00F42E23 /* Silky Socks */,
				4F8D38B41AE440DE00F42E23 /* Silky SocksTests */,
			);
		};
/* End PBXProject section */

/* Begin PBXResourcesBuildPhase section */
		4F8D389B1AE440DE00F42E23 /* Resources */ = {
			isa = PBXResourcesBuildPhase;
			buildActionMask = 2147483647;
			files = (
				1FF7940C1B22DD05000CB14D /* Walkway Black.ttf in Resources */,
				4FB6C9C31AE4AF7A001A6E50 /* SJBottomView.xib in Resources */,
				1FA0F9BE1B3DABA400480B36 /* FinalTableViewControllerFooterView.xib in Resources */,
				1F39440B1B094EA4008E73E0 /* SJCollectionAddToCartReusableView.xib in Resources */,
				1F58FE671B340F27003E2507 /* CartTableViewCell.xib in Resources */,
				1FC72AD51B3D6C6400D54C1E /* CreditCardTableViewCell.xib in Resources */,
				1FB66B6E1B711DCD00283A9F /* Terms_and_conditions.pdf in Resources */,
				1FCF509B1B07ED8A005D8578 /* SJCollectionShareReusableView.xib in Resources */,
				4F8D38AB1AE440DE00F42E23 /* Main.storyboard in Resources */,
				1FF7940A1B22DCB2000CB14D /* Maiden.ttf in Resources */,
				1FF794081B22DBBF000CB14D /* DoubleFeature.ttf in Resources */,
				1F293BF41B382AC000551A40 /* CheckoutTableFooterView.xib in Resources */,
				1FCF50991B07ECA3005D8578 /* SJCollectionRestartReusableView.xib in Resources */,
				1F17F2911B36BE8A00DBFEBC /* CheckoutInfoTableViewCell.xib in Resources */,
				1FD558011B2086CA003BDE2A /* SJApprovalViewController.xib in Resources */,
				1FB66B6C1B711DA000283A9F /* FAQ.pdf in Resources */,
				1FCF509D1B07F0C7005D8578 /* SJCollectionDecorationSilkySocksLogoReusableView.xib in Resources */,
				4F55B5541AE46E4900679048 /* SJCollectionViewCell.xib in Resources */,
				4F8D38B01AE440DE00F42E23 /* LaunchScreen.xib in Resources */,
				1FF7940E1B22DD69000CB14D /* College.ttf in Resources */,
				1F17F28C1B36BC2000DBFEBC /* CheckoutTableHeaderView.xib in Resources */,
				1FF543CD1B26259F007B6B19 /* TemplateInfoViewController.xib in Resources */,
				1F17F2961B370AB700DBFEBC /* StatesPickerTableViewCell.xib in Resources */,
				4F8D38AD1AE440DE00F42E23 /* Images.xcassets in Resources */,
			);
			runOnlyForDeploymentPostprocessing = 0;
		};
		4F8D38B31AE440DE00F42E23 /* Resources */ = {
			isa = PBXResourcesBuildPhase;
			buildActionMask = 2147483647;
			files = (
			);
			runOnlyForDeploymentPostprocessing = 0;
		};
/* End PBXResourcesBuildPhase section */

/* Begin PBXShellScriptBuildPhase section */
		03D0DB065B417786232B937D /* Check Pods Manifest.lock */ = {
			isa = PBXShellScriptBuildPhase;
			buildActionMask = 2147483647;
			files = (
			);
			inputPaths = (
			);
			name = "Check Pods Manifest.lock";
			outputPaths = (
			);
			runOnlyForDeploymentPostprocessing = 0;
			shellPath = /bin/sh;
			shellScript = "diff \"${PODS_ROOT}/../Podfile.lock\" \"${PODS_ROOT}/Manifest.lock\" > /dev/null\nif [[ $? != 0 ]] ; then\n    cat << EOM\nerror: The sandbox is not in sync with the Podfile.lock. Run 'pod install' or update your CocoaPods installation.\nEOM\n    exit 1\nfi\n";
			showEnvVarsInLog = 0;
		};
		20F629CA8399A212F90F7A37 /* Copy Pods Resources */ = {
			isa = PBXShellScriptBuildPhase;
			buildActionMask = 2147483647;
			files = (
			);
			inputPaths = (
			);
			name = "Copy Pods Resources";
			outputPaths = (
			);
			runOnlyForDeploymentPostprocessing = 0;
			shellPath = /bin/sh;
			shellScript = "\"${SRCROOT}/Pods/Target Support Files/Pods/Pods-resources.sh\"\n";
			showEnvVarsInLog = 0;
		};
/* End PBXShellScriptBuildPhase section */

/* Begin PBXSourcesBuildPhase section */
		4F8D38991AE440DE00F42E23 /* Sources */ = {
			isa = PBXSourcesBuildPhase;
			buildActionMask = 2147483647;
			files = (
				1FF543CC1B26259F007B6B19 /* TemplateInfoViewController.swift in Sources */,
				4F55B55D1AE480F400679048 /* SJLayout.swift in Sources */,
				1FF5C6641B6E9D76000D835C /* Operation.swift in Sources */,
				1F470C281B5FA4E400CECC2C /* SJTextStorage.swift in Sources */,
				1F1740591B41308400D1CA33 /* Order.swift in Sources */,
				1FC72AD41B3D6C6400D54C1E /* CreditCardTableViewCell.swift in Sources */,
				1FCF508F1B070F4C005D8578 /* SJCollectionView.swift in Sources */,
				1F771D1E1B6F5BAC009A93D3 /* OperationQueue.swift in Sources */,
				1F88389E1B0D875D00E3BBB6 /* SJLabel.swift in Sources */,
				1FA0F9C11B3DE98B00480B36 /* SweetAlert.swift in Sources */,
				1F88389C1B0D731200E3BBB6 /* SJTextField.swift in Sources */,
				1F771D1A1B6F3EA6009A93D3 /* OperationError.swift in Sources */,
				1F293BF71B384D1300551A40 /* ShopifyUtilities.swift in Sources */,
				1F771D1C1B6F436F009A93D3 /* ShopifyGetProduct.swift in Sources */,
				1F1F77581B3C448700DBD227 /* FinalTableViewController.swift in Sources */,
				1F771D2E1B6FF965009A93D3 /* BlockObserver.swift in Sources */,
				4F8D38CC1AE4457800F42E23 /* TemplateModel.swift in Sources */,
				4F8D38C61AE441F700F42E23 /* SJCollectionViewCell.swift in Sources */,
				1F771D2C1B6FF18A009A93D3 /* ShopifyGetShippingRate.swift in Sources */,
				1F58FE661B340F27003E2507 /* CartTableViewCell.swift in Sources */,
				1F771D201B6F5E2F009A93D3 /* ShopifyCreateCheckout.swift in Sources */,
				1F17F2901B36BE8A00DBFEBC /* CheckoutInfoTableViewCell.swift in Sources */,
				1F771D221B6F7A68009A93D3 /* AlertOperation.swift in Sources */,
				1F771D181B6F3E3A009A93D3 /* NetworkCondition.swift in Sources */,
				1FA8DC4E1B5CF14B00576175 /* TermsAndConditionsViewController.swift in Sources */,
				1F232D2F1B196CB200ECD753 /* SJColorCollectionViewController.swift in Sources */,
				1F293BF21B382AAC00551A40 /* CheckoutTableFooterView.swift in Sources */,
				1F293BF91B38631100551A40 /* CartProduct.swift in Sources */,
				1FF794061B21EEFD000CB14D /* SJColorFontCollectionViewCell.swift in Sources */,
				1F17F28A1B36B11D00DBFEBC /* CheckoutTableHeaderView.swift in Sources */,
				4F8D38A61AE440DE00F42E23 /* Silky_Socks.xcdatamodeld in Sources */,
				1F771D241B6F8258009A93D3 /* OperationObserver.swift in Sources */,
				1FD558001B2086CA003BDE2A /* SJApprovalViewController.swift in Sources */,
				1FCF50A11B083D70005D8578 /* SJCollectionViewDelegate.swift in Sources */,
				1FA0F9BC1B3DAB9A00480B36 /* FinalTableViewControllerFooterView.swift in Sources */,
				1F17F2951B370AB700DBFEBC /* StatesPickerTableViewCell.swift in Sources */,
				1FD244321B429AD300D9182A /* DiscountTableViewCell.swift in Sources */,
				1F17F2881B36AA7200DBFEBC /* CheckoutViewController.swift in Sources */,
				4F8D38CA1AE4451000F42E23 /* SJCollectionViewController.swift in Sources */,
				4FB6C9C11AE4AF70001A6E50 /* SJBottomView.swift in Sources */,
				1F58FE621B340ED6003E2507 /* CartTableViewController.swift in Sources */,
				1FCF50951B07EBAB005D8578 /* SJCollectionReusableView.swift in Sources */,
				1F771D161B6F3E21009A93D3 /* OperationCondition.swift in Sources */,
				4FB6C9C51AE4B394001A6E50 /* Utilities.swift in Sources */,
				1FC258AB1B14B60700EAEF20 /* UserCart.swift in Sources */,
				1F470C301B5FADDF00CECC2C /* SupportViewController.swift in Sources */,
				4F8D38A31AE440DE00F42E23 /* AppDelegate.swift in Sources */,
			);
			runOnlyForDeploymentPostprocessing = 0;
		};
		4F8D38B11AE440DE00F42E23 /* Sources */ = {
			isa = PBXSourcesBuildPhase;
			buildActionMask = 2147483647;
			files = (
				4F8D38BC1AE440DE00F42E23 /* Silky_SocksTests.swift in Sources */,
			);
			runOnlyForDeploymentPostprocessing = 0;
		};
/* End PBXSourcesBuildPhase section */

/* Begin PBXTargetDependency section */
		4F8D38B71AE440DE00F42E23 /* PBXTargetDependency */ = {
			isa = PBXTargetDependency;
			target = 4F8D389C1AE440DE00F42E23 /* Silky Socks */;
			targetProxy = 4F8D38B61AE440DE00F42E23 /* PBXContainerItemProxy */;
		};
/* End PBXTargetDependency section */

/* Begin PBXVariantGroup section */
		4F8D38A91AE440DE00F42E23 /* Main.storyboard */ = {
			isa = PBXVariantGroup;
			children = (
				4F8D38AA1AE440DE00F42E23 /* Base */,
			);
			name = Main.storyboard;
			sourceTree = "<group>";
		};
		4F8D38AE1AE440DE00F42E23 /* LaunchScreen.xib */ = {
			isa = PBXVariantGroup;
			children = (
				4F8D38AF1AE440DE00F42E23 /* Base */,
			);
			name = LaunchScreen.xib;
			sourceTree = "<group>";
		};
/* End PBXVariantGroup section */

/* Begin XCBuildConfiguration section */
		4F8D38BD1AE440DE00F42E23 /* Debug */ = {
			isa = XCBuildConfiguration;
			buildSettings = {
				ALWAYS_SEARCH_USER_PATHS = NO;
				CLANG_CXX_LANGUAGE_STANDARD = "gnu++0x";
				CLANG_CXX_LIBRARY = "libc++";
				CLANG_ENABLE_MODULES = YES;
				CLANG_ENABLE_OBJC_ARC = YES;
				CLANG_WARN_BOOL_CONVERSION = YES;
				CLANG_WARN_CONSTANT_CONVERSION = YES;
				CLANG_WARN_DIRECT_OBJC_ISA_USAGE = YES_ERROR;
				CLANG_WARN_EMPTY_BODY = YES;
				CLANG_WARN_ENUM_CONVERSION = YES;
				CLANG_WARN_INT_CONVERSION = YES;
				CLANG_WARN_OBJC_ROOT_CLASS = YES_ERROR;
				CLANG_WARN_UNREACHABLE_CODE = YES;
				CLANG_WARN__DUPLICATE_METHOD_MATCH = YES;
				"CODE_SIGN_IDENTITY[sdk=iphoneos*]" = "iPhone Developer";
				COPY_PHASE_STRIP = NO;
				DEBUG_INFORMATION_FORMAT = "dwarf-with-dsym";
				ENABLE_STRICT_OBJC_MSGSEND = YES;
				ENABLE_TESTABILITY = YES;
				GCC_C_LANGUAGE_STANDARD = gnu99;
				GCC_DYNAMIC_NO_PIC = NO;
				GCC_NO_COMMON_BLOCKS = YES;
				GCC_OPTIMIZATION_LEVEL = 0;
				GCC_PREPROCESSOR_DEFINITIONS = (
					"DEBUG=1",
					"$(inherited)",
				);
				GCC_SYMBOLS_PRIVATE_EXTERN = NO;
				GCC_WARN_64_TO_32_BIT_CONVERSION = YES;
				GCC_WARN_ABOUT_RETURN_TYPE = YES_ERROR;
				GCC_WARN_UNDECLARED_SELECTOR = YES;
				GCC_WARN_UNINITIALIZED_AUTOS = YES_AGGRESSIVE;
				GCC_WARN_UNUSED_FUNCTION = YES;
				GCC_WARN_UNUSED_VARIABLE = YES;
				IPHONEOS_DEPLOYMENT_TARGET = 8.3;
				MTL_ENABLE_DEBUG_INFO = YES;
				ONLY_ACTIVE_ARCH = YES;
				SDKROOT = iphoneos;
				SWIFT_OPTIMIZATION_LEVEL = "-Onone";
				TARGETED_DEVICE_FAMILY = "1,2";
			};
			name = Debug;
		};
		4F8D38BE1AE440DE00F42E23 /* Release */ = {
			isa = XCBuildConfiguration;
			buildSettings = {
				ALWAYS_SEARCH_USER_PATHS = NO;
				CLANG_CXX_LANGUAGE_STANDARD = "gnu++0x";
				CLANG_CXX_LIBRARY = "libc++";
				CLANG_ENABLE_MODULES = YES;
				CLANG_ENABLE_OBJC_ARC = YES;
				CLANG_WARN_BOOL_CONVERSION = YES;
				CLANG_WARN_CONSTANT_CONVERSION = YES;
				CLANG_WARN_DIRECT_OBJC_ISA_USAGE = YES_ERROR;
				CLANG_WARN_EMPTY_BODY = YES;
				CLANG_WARN_ENUM_CONVERSION = YES;
				CLANG_WARN_INT_CONVERSION = YES;
				CLANG_WARN_OBJC_ROOT_CLASS = YES_ERROR;
				CLANG_WARN_UNREACHABLE_CODE = YES;
				CLANG_WARN__DUPLICATE_METHOD_MATCH = YES;
				"CODE_SIGN_IDENTITY[sdk=iphoneos*]" = "iPhone Developer";
				COPY_PHASE_STRIP = NO;
				DEBUG_INFORMATION_FORMAT = "dwarf-with-dsym";
				ENABLE_NS_ASSERTIONS = NO;
				ENABLE_STRICT_OBJC_MSGSEND = YES;
				GCC_C_LANGUAGE_STANDARD = gnu99;
				GCC_NO_COMMON_BLOCKS = YES;
				GCC_WARN_64_TO_32_BIT_CONVERSION = YES;
				GCC_WARN_ABOUT_RETURN_TYPE = YES_ERROR;
				GCC_WARN_UNDECLARED_SELECTOR = YES;
				GCC_WARN_UNINITIALIZED_AUTOS = YES_AGGRESSIVE;
				GCC_WARN_UNUSED_FUNCTION = YES;
				GCC_WARN_UNUSED_VARIABLE = YES;
				IPHONEOS_DEPLOYMENT_TARGET = 8.3;
				MTL_ENABLE_DEBUG_INFO = NO;
				SDKROOT = iphoneos;
				TARGETED_DEVICE_FAMILY = "1,2";
				VALIDATE_PRODUCT = YES;
			};
			name = Release;
		};
		4F8D38C01AE440DE00F42E23 /* Debug */ = {
			isa = XCBuildConfiguration;
			baseConfigurationReference = A6BF6C0E20899D5B992A342B /* Pods.debug.xcconfig */;
			buildSettings = {
				ASSETCATALOG_COMPILER_APPICON_NAME = AppIcon;
				CLANG_WARN_CXX0X_EXTENSIONS = YES;
				CLANG_WARN_OBJC_IMPLICIT_RETAIN_SELF = YES;
				CLANG_WARN_OBJC_RECEIVER_WEAK = YES;
				CLANG_WARN_OBJC_REPEATED_USE_OF_WEAK = YES;
				CODE_SIGN_ENTITLEMENTS = "Silky Socks/Silky Socks.entitlements";
				CODE_SIGN_IDENTITY = "iPhone Developer: Dannesh Kassamali (HJE355695U)";
				"CODE_SIGN_IDENTITY[sdk=iphoneos*]" = "iPhone Developer: Dannesh Kassamali (HJE355695U)";
				ENABLE_BITCODE = NO;
				FRAMEWORK_SEARCH_PATHS = "$(PROJECT_DIR)/\"Silky Socks\"";
				GCC_TREAT_INCOMPATIBLE_POINTER_TYPE_WARNINGS_AS_ERRORS = YES;
				GCC_WARN_NON_VIRTUAL_DESTRUCTOR = YES;
				INFOPLIST_FILE = "Silky Socks/Info.plist";
				IPHONEOS_DEPLOYMENT_TARGET = 8.4;
				LD_RUNPATH_SEARCH_PATHS = "$(inherited) @executable_path/Frameworks";
				OTHER_LDFLAGS = (
					"-l\"Parse\"",
					"-l\"Pods-Bolts\"",
					"-l\"Pods-Parse\"",
					"-l\"Pods-RKNotificationHub\"",
					"-l\"Pods-SVProgressHUD\"",
					"-l\"sqlite3\"",
					"-l\"z\"",
					"-framework",
					"\"AudioToolbox\"",
					"-framework",
					"\"CFNetwork\"",
					"-framework",
					"\"CoreGraphics\"",
					"-framework",
					"\"CoreLocation\"",
					"-framework",
					"\"QuartzCore\"",
					"-framework",
					"\"Security\"",
					"-framework",
					"\"StoreKit\"",
					"-framework",
					"\"SystemConfiguration\"",
					"-weak_framework",
					"\"Accounts\"",
					"-weak_framework",
					"\"Social\"",
					"-all_load",
					"$(inherited)",
					"-lstdc++",
				);
				PRODUCT_BUNDLE_IDENTIFIER = "com.fullstak.www.$(PRODUCT_NAME:rfc1034identifier)";
				PRODUCT_NAME = "$(TARGET_NAME)";
				PROVISIONING_PROFILE = "ef683a31-3341-4bea-ada6-6f703de239e6";
				SWIFT_OBJC_BRIDGING_HEADER = "$(PROJECT_DIR)/Silky Socks/BridgingHeader.h";
				TARGETED_DEVICE_FAMILY = 1;
				WARNING_CFLAGS = "-Wundeclared-selector";
			};
			name = Debug;
		};
		4F8D38C11AE440DE00F42E23 /* Release */ = {
			isa = XCBuildConfiguration;
			baseConfigurationReference = C8123369B14342C6083D9FB8 /* Pods.release.xcconfig */;
			buildSettings = {
				ASSETCATALOG_COMPILER_APPICON_NAME = AppIcon;
				CLANG_WARN_CXX0X_EXTENSIONS = YES;
				CLANG_WARN_OBJC_IMPLICIT_RETAIN_SELF = YES;
				CLANG_WARN_OBJC_RECEIVER_WEAK = YES;
				CLANG_WARN_OBJC_REPEATED_USE_OF_WEAK = YES;
				CODE_SIGN_ENTITLEMENTS = "Silky Socks/Silky Socks.entitlements";
				CODE_SIGN_IDENTITY = "iPhone Developer: Dannesh Kassamali (HJE355695U)";
				"CODE_SIGN_IDENTITY[sdk=iphoneos*]" = "iPhone Developer: Dannesh Kassamali (HJE355695U)";
				ENABLE_BITCODE = NO;
				FRAMEWORK_SEARCH_PATHS = "$(PROJECT_DIR)/\"Silky Socks\"";
				GCC_TREAT_INCOMPATIBLE_POINTER_TYPE_WARNINGS_AS_ERRORS = YES;
				GCC_WARN_NON_VIRTUAL_DESTRUCTOR = YES;
				INFOPLIST_FILE = "Silky Socks/Info.plist";
				IPHONEOS_DEPLOYMENT_TARGET = 8.4;
				LD_RUNPATH_SEARCH_PATHS = "$(inherited) @executable_path/Frameworks";
				OTHER_LDFLAGS = (
					"-l\"Parse\"",
					"-l\"Pods-Bolts\"",
					"-l\"Pods-Parse\"",
					"-l\"Pods-RKNotificationHub\"",
					"-l\"Pods-SVProgressHUD\"",
					"-l\"sqlite3\"",
					"-l\"z\"",
					"-framework",
					"\"AudioToolbox\"",
					"-framework",
					"\"CFNetwork\"",
					"-framework",
					"\"CoreGraphics\"",
					"-framework",
					"\"CoreLocation\"",
					"-framework",
					"\"QuartzCore\"",
					"-framework",
					"\"Security\"",
					"-framework",
					"\"StoreKit\"",
					"-framework",
					"\"SystemConfiguration\"",
					"-weak_framework",
					"\"Accounts\"",
					"-weak_framework",
					"\"Social\"",
					"-all_load",
					"$(inherited)",
					"-lstdc++",
				);
				PRODUCT_BUNDLE_IDENTIFIER = "com.fullstak.www.$(PRODUCT_NAME:rfc1034identifier)";
				PRODUCT_NAME = "$(TARGET_NAME)";
				PROVISIONING_PROFILE = "ef683a31-3341-4bea-ada6-6f703de239e6";
				SWIFT_OBJC_BRIDGING_HEADER = "$(PROJECT_DIR)/Silky Socks/BridgingHeader.h";
				TARGETED_DEVICE_FAMILY = 1;
				WARNING_CFLAGS = "-Wundeclared-selector";
			};
			name = Release;
		};
		4F8D38C31AE440DE00F42E23 /* Debug */ = {
			isa = XCBuildConfiguration;
			buildSettings = {
				BUNDLE_LOADER = "$(TEST_HOST)";
				CODE_SIGN_IDENTITY = "iPhone Developer";
				"CODE_SIGN_IDENTITY[sdk=iphoneos*]" = "iPhone Developer";
				FRAMEWORK_SEARCH_PATHS = "$(inherited)";
				GCC_PREPROCESSOR_DEFINITIONS = (
					"DEBUG=1",
					"$(inherited)",
				);
				INFOPLIST_FILE = "Silky SocksTests/Info.plist";
				LD_RUNPATH_SEARCH_PATHS = "$(inherited) @executable_path/Frameworks @loader_path/Frameworks";
				PRODUCT_BUNDLE_IDENTIFIER = "com.fullstak.www.$(PRODUCT_NAME:rfc1034identifier)";
				PRODUCT_NAME = "$(TARGET_NAME)";
				PROVISIONING_PROFILE = "";
				TEST_HOST = "$(BUILT_PRODUCTS_DIR)/Silky Socks.app/Silky Socks";
			};
			name = Debug;
		};
		4F8D38C41AE440DE00F42E23 /* Release */ = {
			isa = XCBuildConfiguration;
			buildSettings = {
				BUNDLE_LOADER = "$(TEST_HOST)";
				CODE_SIGN_IDENTITY = "iPhone Developer";
				"CODE_SIGN_IDENTITY[sdk=iphoneos*]" = "iPhone Developer";
				FRAMEWORK_SEARCH_PATHS = "$(inherited)";
				INFOPLIST_FILE = "Silky SocksTests/Info.plist";
				LD_RUNPATH_SEARCH_PATHS = "$(inherited) @executable_path/Frameworks @loader_path/Frameworks";
				PRODUCT_BUNDLE_IDENTIFIER = "com.fullstak.www.$(PRODUCT_NAME:rfc1034identifier)";
				PRODUCT_NAME = "$(TARGET_NAME)";
				PROVISIONING_PROFILE = "";
				TEST_HOST = "$(BUILT_PRODUCTS_DIR)/Silky Socks.app/Silky Socks";
			};
			name = Release;
		};
/* End XCBuildConfiguration section */

/* Begin XCConfigurationList section */
		4F8D38981AE440DE00F42E23 /* Build configuration list for PBXProject "Silky Socks" */ = {
			isa = XCConfigurationList;
			buildConfigurations = (
				4F8D38BD1AE440DE00F42E23 /* Debug */,
				4F8D38BE1AE440DE00F42E23 /* Release */,
			);
			defaultConfigurationIsVisible = 0;
			defaultConfigurationName = Release;
		};
		4F8D38BF1AE440DE00F42E23 /* Build configuration list for PBXNativeTarget "Silky Socks" */ = {
			isa = XCConfigurationList;
			buildConfigurations = (
				4F8D38C01AE440DE00F42E23 /* Debug */,
				4F8D38C11AE440DE00F42E23 /* Release */,
			);
			defaultConfigurationIsVisible = 0;
			defaultConfigurationName = Release;
		};
		4F8D38C21AE440DE00F42E23 /* Build configuration list for PBXNativeTarget "Silky SocksTests" */ = {
			isa = XCConfigurationList;
			buildConfigurations = (
				4F8D38C31AE440DE00F42E23 /* Debug */,
				4F8D38C41AE440DE00F42E23 /* Release */,
			);
			defaultConfigurationIsVisible = 0;
			defaultConfigurationName = Release;
		};
/* End XCConfigurationList section */

/* Begin XCVersionGroup section */
		4F8D38A41AE440DE00F42E23 /* Silky_Socks.xcdatamodeld */ = {
			isa = XCVersionGroup;
			children = (
				4F8D38A51AE440DE00F42E23 /* Silky_Socks.xcdatamodel */,
			);
			currentVersion = 4F8D38A51AE440DE00F42E23 /* Silky_Socks.xcdatamodel */;
			path = Silky_Socks.xcdatamodeld;
			sourceTree = "<group>";
			versionGroupType = wrapper.xcdatamodel;
		};
/* End XCVersionGroup section */
	};
	rootObject = 4F8D38951AE440DE00F42E23 /* Project object */;
}
